
Microsoft Visual Studio Solution File, Format Version 12.00
# Visual Studio 14
VisualStudioVersion = 14.0.25420.1
MinimumVisualStudioVersion = 10.0.40219.1
Project("{FAE04EC0-301F-11D3-BF4B-00C04F79EFBC}") = "Raven.Rpc.Tracing", "Raven.Rpc.Tracing\Raven.Rpc.Tracing.csproj", "{1FE6DF36-A193-4E21-968B-77A970B6E42F}"
EndProject
Project("{2150E333-8FDC-42A3-9474-1A3956D46DE8}") = "Test", "Test", "{6883D542-C1C8-4E7D-B0D9-AFD61BF35D0D}"
EndProject
Project("{FAE04EC0-301F-11D3-BF4B-00C04F79EFBC}") = "Raven.Rpc.Tracing.Test", "test\Raven.Rpc.Tracing.Test\Raven.Rpc.Tracing.Test.csproj", "{361F1CBD-D45D-4E38-8A1B-ED906A2D394C}"
EndProject
Project("{FAE04EC0-301F-11D3-BF4B-00C04F79EFBC}") = "Raven.AspNet.WebApiExtensions.Tracing", "Raven.AspNet.WebApiExtensions.Tracing\Raven.AspNet.WebApiExtensions.Tracing.csproj", "{579DB6C5-3BAF-406F-81AB-551F5F885A7A}"
EndProject
Project("{FAE04EC0-301F-11D3-BF4B-00C04F79EFBC}") = "Raven.Rpc.HttpProtocol.Tracing", "Raven.Rpc.HttpProtocol.Tracing\Raven.Rpc.HttpProtocol.Tracing.csproj", "{3413E680-837E-4BD8-9C37-728359B32C13}"
EndProject
Project("{FAE04EC0-301F-11D3-BF4B-00C04F79EFBC}") = "Raven.Rpc.Tracing.Owin", "Raven.Rpc.Tracing.Owin\Raven.Rpc.Tracing.Owin.csproj", "{D3ACD237-2F03-4909-AC7D-7C9F0DB8B909}"
EndProject
Project("{FAE04EC0-301F-11D3-BF4B-00C04F79EFBC}") = "Raven.Rpc.HttpProtocol.Tracing.TestConsole", "test\Raven.Rpc.HttpProtocol.Tracing.TestConsole\Raven.Rpc.HttpProtocol.Tracing.TestConsole.csproj", "{EAB6D763-0F2C-422E-8F97-917E5C4F6312}"
EndProject
Project("{FAE04EC0-301F-11D3-BF4B-00C04F79EFBC}") = "Raven.AspNet.WebApiExtensions.Tracing.TestConsole", "test\Raven.AspNet.WebApiExtensions.Tracing.TestConsole\Raven.AspNet.WebApiExtensions.Tracing.TestConsole.csproj", "{46B0CDCC-6298-4741-9D99-F611C3E5A17E}"
EndProject
Project("{FAE04EC0-301F-11D3-BF4B-00C04F79EFBC}") = "Raven.AspNet.WebApiExtensions.Tracing.Test", "test\Raven.AspNet.WebApiExtensions.Tracing.Test\Raven.AspNet.WebApiExtensions.Tracing.Test.csproj", "{D513F936-0B2F-45E1-9361-3A52A202860D}"
EndProject
Project("{FAE04EC0-301F-11D3-BF4B-00C04F79EFBC}") = "Raven.Rpc.Tracing.WebHost", "Raven.Rpc.Tracing.WebHost\Raven.Rpc.Tracing.WebHost.csproj", "{DDC360C4-BE39-4EA5-8E23-AA068596E125}"
EndProject
Project("{FAE04EC0-301F-11D3-BF4B-00C04F79EFBC}") = "Raven.TracingRecord.Host", "Raven.TracingRecord.Host\Raven.TracingRecord.Host.csproj", "{D13A4EAA-977E-42B5-AB0E-0FFB60E4C918}"
EndProject
Project("{FAE04EC0-301F-11D3-BF4B-00C04F79EFBC}") = "Raven.TracingRecord", "Raven.TracingRecord\Raven.TracingRecord.csproj", "{9F38F444-6DBE-45D9-8F08-EEF1A2CE0BF0}"
EndProject
Project("{FAE04EC0-301F-11D3-BF4B-00C04F79EFBC}") = "Raven.TracingRecord.HostConsole", "Raven.TracingRecord.HostConsole\Raven.TracingRecord.HostConsole.csproj", "{1F22B3A0-8A84-45B6-9994-73478969FBEC}"
EndProject
Project("{FAE04EC0-301F-11D3-BF4B-00C04F79EFBC}") = "Raven.AspNet.MvcExtensions.Tracing", "Raven.AspNet.MvcExtensions.Tracing\Raven.AspNet.MvcExtensions.Tracing.csproj", "{D27AA486-C4E5-4F1A-A61F-2A26AAB93966}"
EndProject
Project("{FAE04EC0-301F-11D3-BF4B-00C04F79EFBC}") = "Raven.AspNet.MvcExtensions.Tracing.Test", "test\Raven.AspNet.MvcExtensions.Tracing.Test\Raven.AspNet.MvcExtensions.Tracing.Test.csproj", "{106ED743-8A25-4EB6-9A78-945FC5E4848F}"
EndProject
Project("{FAE04EC0-301F-11D3-BF4B-00C04F79EFBC}") = "Raven.Rpc.Tracing.NoContext", "Raven.Rpc.Tracing.NoContext\Raven.Rpc.Tracing.NoContext.csproj", "{3A1BA3F9-BCC0-4D08-85CD-9F0F0EF623B5}"
EndProject
Project("{2150E333-8FDC-42A3-9474-1A3956D46DE8}") = "Record", "Record", "{FB0D446C-79FD-443B-BF73-AC31303F39A4}"
EndProject
Project("{FAE04EC0-301F-11D3-BF4B-00C04F79EFBC}") = "Raven.Rpc.Tracing.Kafka", "Raven.Rpc.Tracing.Kafka\Raven.Rpc.Tracing.Kafka.csproj", "{7A1D9E7F-F057-475C-BFE2-A1D9ACC3B103}"
EndProject
Global
	GlobalSection(SolutionConfigurationPlatforms) = preSolution
		Debug|Any CPU = Debug|Any CPU
		Release|Any CPU = Release|Any CPU
	EndGlobalSection
	GlobalSection(ProjectConfigurationPlatforms) = postSolution
		{1FE6DF36-A193-4E21-968B-77A970B6E42F}.Debug|Any CPU.ActiveCfg = Debug|Any CPU
		{1FE6DF36-A193-4E21-968B-77A970B6E42F}.Debug|Any CPU.Build.0 = Debug|Any CPU
		{1FE6DF36-A193-4E21-968B-77A970B6E42F}.Release|Any CPU.ActiveCfg = Release|Any CPU
		{1FE6DF36-A193-4E21-968B-77A970B6E42F}.Release|Any CPU.Build.0 = Release|Any CPU
		{361F1CBD-D45D-4E38-8A1B-ED906A2D394C}.Debug|Any CPU.ActiveCfg = Debug|Any CPU
		{361F1CBD-D45D-4E38-8A1B-ED906A2D394C}.Debug|Any CPU.Build.0 = Debug|Any CPU
		{361F1CBD-D45D-4E38-8A1B-ED906A2D394C}.Release|Any CPU.ActiveCfg = Release|Any CPU
		{361F1CBD-D45D-4E38-8A1B-ED906A2D394C}.Release|Any CPU.Build.0 = Release|Any CPU
		{579DB6C5-3BAF-406F-81AB-551F5F885A7A}.Debug|Any CPU.ActiveCfg = Debug|Any CPU
		{579DB6C5-3BAF-406F-81AB-551F5F885A7A}.Debug|Any CPU.Build.0 = Debug|Any CPU
		{579DB6C5-3BAF-406F-81AB-551F5F885A7A}.Release|Any CPU.ActiveCfg = Release|Any CPU
		{579DB6C5-3BAF-406F-81AB-551F5F885A7A}.Release|Any CPU.Build.0 = Release|Any CPU
		{3413E680-837E-4BD8-9C37-728359B32C13}.Debug|Any CPU.ActiveCfg = Debug|Any CPU
		{3413E680-837E-4BD8-9C37-728359B32C13}.Debug|Any CPU.Build.0 = Debug|Any CPU
		{3413E680-837E-4BD8-9C37-728359B32C13}.Release|Any CPU.ActiveCfg = Release|Any CPU
		{3413E680-837E-4BD8-9C37-728359B32C13}.Release|Any CPU.Build.0 = Release|Any CPU
		{D3ACD237-2F03-4909-AC7D-7C9F0DB8B909}.Debug|Any CPU.ActiveCfg = Debug|Any CPU
		{D3ACD237-2F03-4909-AC7D-7C9F0DB8B909}.Debug|Any CPU.Build.0 = Debug|Any CPU
		{D3ACD237-2F03-4909-AC7D-7C9F0DB8B909}.Release|Any CPU.ActiveCfg = Release|Any CPU
		{D3ACD237-2F03-4909-AC7D-7C9F0DB8B909}.Release|Any CPU.Build.0 = Release|Any CPU
		{EAB6D763-0F2C-422E-8F97-917E5C4F6312}.Debug|Any CPU.ActiveCfg = Debug|Any CPU
		{EAB6D763-0F2C-422E-8F97-917E5C4F6312}.Debug|Any CPU.Build.0 = Debug|Any CPU
		{EAB6D763-0F2C-422E-8F97-917E5C4F6312}.Release|Any CPU.ActiveCfg = Release|Any CPU
		{EAB6D763-0F2C-422E-8F97-917E5C4F6312}.Release|Any CPU.Build.0 = Release|Any CPU
		{46B0CDCC-6298-4741-9D99-F611C3E5A17E}.Debug|Any CPU.ActiveCfg = Debug|Any CPU
		{46B0CDCC-6298-4741-9D99-F611C3E5A17E}.Debug|Any CPU.Build.0 = Debug|Any CPU
		{46B0CDCC-6298-4741-9D99-F611C3E5A17E}.Release|Any CPU.ActiveCfg = Release|Any CPU
		{46B0CDCC-6298-4741-9D99-F611C3E5A17E}.Release|Any CPU.Build.0 = Release|Any CPU
		{D513F936-0B2F-45E1-9361-3A52A202860D}.Debug|Any CPU.ActiveCfg = Debug|Any CPU
		{D513F936-0B2F-45E1-9361-3A52A202860D}.Debug|Any CPU.Build.0 = Debug|Any CPU
		{D513F936-0B2F-45E1-9361-3A52A202860D}.Release|Any CPU.ActiveCfg = Release|Any CPU
		{D513F936-0B2F-45E1-9361-3A52A202860D}.Release|Any CPU.Build.0 = Release|Any CPU
		{DDC360C4-BE39-4EA5-8E23-AA068596E125}.Debug|Any CPU.ActiveCfg = Debug|Any CPU
		{DDC360C4-BE39-4EA5-8E23-AA068596E125}.Debug|Any CPU.Build.0 = Debug|Any CPU
		{DDC360C4-BE39-4EA5-8E23-AA068596E125}.Release|Any CPU.ActiveCfg = Release|Any CPU
		{DDC360C4-BE39-4EA5-8E23-AA068596E125}.Release|Any CPU.Build.0 = Release|Any CPU
		{D13A4EAA-977E-42B5-AB0E-0FFB60E4C918}.Debug|Any CPU.ActiveCfg = Debug|Any CPU
		{D13A4EAA-977E-42B5-AB0E-0FFB60E4C918}.Debug|Any CPU.Build.0 = Debug|Any CPU
		{D13A4EAA-977E-42B5-AB0E-0FFB60E4C918}.Release|Any CPU.ActiveCfg = Release|Any CPU
		{D13A4EAA-977E-42B5-AB0E-0FFB60E4C918}.Release|Any CPU.Build.0 = Release|Any CPU
		{9F38F444-6DBE-45D9-8F08-EEF1A2CE0BF0}.Debug|Any CPU.ActiveCfg = Debug|Any CPU
		{9F38F444-6DBE-45D9-8F08-EEF1A2CE0BF0}.Debug|Any CPU.Build.0 = Debug|Any CPU
		{9F38F444-6DBE-45D9-8F08-EEF1A2CE0BF0}.Release|Any CPU.ActiveCfg = Release|Any CPU
		{9F38F444-6DBE-45D9-8F08-EEF1A2CE0BF0}.Release|Any CPU.Build.0 = Release|Any CPU
		{1F22B3A0-8A84-45B6-9994-73478969FBEC}.Debug|Any CPU.ActiveCfg = Debug|Any CPU
		{1F22B3A0-8A84-45B6-9994-73478969FBEC}.Debug|Any CPU.Build.0 = Debug|Any CPU
		{1F22B3A0-8A84-45B6-9994-73478969FBEC}.Release|Any CPU.ActiveCfg = Release|Any CPU
		{1F22B3A0-8A84-45B6-9994-73478969FBEC}.Release|Any CPU.Build.0 = Release|Any CPU
		{D27AA486-C4E5-4F1A-A61F-2A26AAB93966}.Debug|Any CPU.ActiveCfg = Debug|Any CPU
		{D27AA486-C4E5-4F1A-A61F-2A26AAB93966}.Debug|Any CPU.Build.0 = Debug|Any CPU
		{D27AA486-C4E5-4F1A-A61F-2A26AAB93966}.Release|Any CPU.ActiveCfg = Release|Any CPU
		{D27AA486-C4E5-4F1A-A61F-2A26AAB93966}.Release|Any CPU.Build.0 = Release|Any CPU
		{106ED743-8A25-4EB6-9A78-945FC5E4848F}.Debug|Any CPU.ActiveCfg = Debug|Any CPU
		{106ED743-8A25-4EB6-9A78-945FC5E4848F}.Debug|Any CPU.Build.0 = Debug|Any CPU
		{106ED743-8A25-4EB6-9A78-945FC5E4848F}.Release|Any CPU.ActiveCfg = Release|Any CPU
		{106ED743-8A25-4EB6-9A78-945FC5E4848F}.Release|Any CPU.Build.0 = Release|Any CPU
		{3A1BA3F9-BCC0-4D08-85CD-9F0F0EF623B5}.Debug|Any CPU.ActiveCfg = Debug|Any CPU
		{3A1BA3F9-BCC0-4D08-85CD-9F0F0EF623B5}.Debug|Any CPU.Build.0 = Debug|Any CPU
		{3A1BA3F9-BCC0-4D08-85CD-9F0F0EF623B5}.Release|Any CPU.ActiveCfg = Release|Any CPU
		{3A1BA3F9-BCC0-4D08-85CD-9F0F0EF623B5}.Release|Any CPU.Build.0 = Release|Any CPU
		{7A1D9E7F-F057-475C-BFE2-A1D9ACC3B103}.Debug|Any CPU.ActiveCfg = Debug|Any CPU
		{7A1D9E7F-F057-475C-BFE2-A1D9ACC3B103}.Debug|Any CPU.Build.0 = Debug|Any CPU
		{7A1D9E7F-F057-475C-BFE2-A1D9ACC3B103}.Release|Any CPU.ActiveCfg = Release|Any CPU
		{7A1D9E7F-F057-475C-BFE2-A1D9ACC3B103}.Release|Any CPU.Build.0 = Release|Any CPU
	EndGlobalSection
	GlobalSection(SolutionProperties) = preSolution
		HideSolutionNode = FALSE
	EndGlobalSection
	GlobalSection(NestedProjects) = preSolution
		{361F1CBD-D45D-4E38-8A1B-ED906A2D394C} = {6883D542-C1C8-4E7D-B0D9-AFD61BF35D0D}
		{EAB6D763-0F2C-422E-8F97-917E5C4F6312} = {6883D542-C1C8-4E7D-B0D9-AFD61BF35D0D}
		{46B0CDCC-6298-4741-9D99-F611C3E5A17E} = {6883D542-C1C8-4E7D-B0D9-AFD61BF35D0D}
		{D513F936-0B2F-45E1-9361-3A52A202860D} = {6883D542-C1C8-4E7D-B0D9-AFD61BF35D0D}
		{D13A4EAA-977E-42B5-AB0E-0FFB60E4C918} = {FB0D446C-79FD-443B-BF73-AC31303F39A4}
		{9F38F444-6DBE-45D9-8F08-EEF1A2CE0BF0} = {FB0D446C-79FD-443B-BF73-AC31303F39A4}
		{1F22B3A0-8A84-45B6-9994-73478969FBEC} = {FB0D446C-79FD-443B-BF73-AC31303F39A4}
		{106ED743-8A25-4EB6-9A78-945FC5E4848F} = {6883D542-C1C8-4E7D-B0D9-AFD61BF35D0D}
	EndGlobalSection
EndGlobal
