
Microsoft Visual Studio Solution File, Format Version 12.00
# Visual Studio 15
VisualStudioVersion = 15.0.26730.16
MinimumVisualStudioVersion = 10.0.40219.1
Project("{2150E333-8FDC-42A3-9474-1A3956D46DE8}") = "Test", "Test", "{C9C7933E-9EB4-472A-9080-36494FA09001}"
EndProject
Project("{FAE04EC0-301F-11D3-BF4B-00C04F79EFBC}") = "Raven.AspNetCore.Extensions.Tracing.Test", "Test\Raven.AspNetCore.Extensions.Tracing.Test\Raven.AspNetCore.Extensions.Tracing.Test.csproj", "{90764868-EA4D-4A8F-BEE9-5358F7542326}"
EndProject
Project("{FAE04EC0-301F-11D3-BF4B-00C04F79EFBC}") = "Raven.AspNetCore.WebApiExtensions.Tracing.TestConsole", "Test\Raven.AspNetCore.WebApiExtensions.Tracing.TestConsole\Raven.AspNetCore.WebApiExtensions.Tracing.TestConsole.csproj", "{ACDB2B21-8F58-4BA8-865F-D8D1E0A554FE}"
EndProject
Global
	GlobalSection(SolutionConfigurationPlatforms) = preSolution
		Debug|Any CPU = Debug|Any CPU
		Release|Any CPU = Release|Any CPU
	EndGlobalSection
	GlobalSection(ProjectConfigurationPlatforms) = postSolution
		{90764868-EA4D-4A8F-BEE9-5358F7542326}.Debug|Any CPU.ActiveCfg = Debug|Any CPU
		{90764868-EA4D-4A8F-BEE9-5358F7542326}.Debug|Any CPU.Build.0 = Debug|Any CPU
		{90764868-EA4D-4A8F-BEE9-5358F7542326}.Release|Any CPU.ActiveCfg = Release|Any CPU
		{90764868-EA4D-4A8F-BEE9-5358F7542326}.Release|Any CPU.Build.0 = Release|Any CPU
		{ACDB2B21-8F58-4BA8-865F-D8D1E0A554FE}.Debug|Any CPU.ActiveCfg = Debug|Any CPU
		{ACDB2B21-8F58-4BA8-865F-D8D1E0A554FE}.Debug|Any CPU.Build.0 = Debug|Any CPU
		{ACDB2B21-8F58-4BA8-865F-D8D1E0A554FE}.Release|Any CPU.ActiveCfg = Release|Any CPU
		{ACDB2B21-8F58-4BA8-865F-D8D1E0A554FE}.Release|Any CPU.Build.0 = Release|Any CPU
	EndGlobalSection
	GlobalSection(SolutionProperties) = preSolution
		HideSolutionNode = FALSE
	EndGlobalSection
	GlobalSection(NestedProjects) = preSolution
		{90764868-EA4D-4A8F-BEE9-5358F7542326} = {C9C7933E-9EB4-472A-9080-36494FA09001}
		{ACDB2B21-8F58-4BA8-865F-D8D1E0A554FE} = {C9C7933E-9EB4-472A-9080-36494FA09001}
	EndGlobalSection
	GlobalSection(ExtensibilityGlobals) = postSolution
		SolutionGuid = {A7E7FDE9-01BA-4486-AE8D-36F6814EDEE8}
	EndGlobalSection
EndGlobal
